
Microsoft Visual Studio Solution File, Format Version 12.00
# Visual Studio Version 16
VisualStudioVersion = 16.0.31515.178
MinimumVisualStudioVersion = 10.0.40219.1
Project("{2150E333-8FDC-42A3-9474-1A3956D46DE8}") = "Services", "Services", "{F44AD8B7-9B7D-4F1A-89CC-7B44D5E63E62}"
EndProject
Project("{2150E333-8FDC-42A3-9474-1A3956D46DE8}") = "WebApps", "WebApps", "{0620257A-2BEC-47A8-851A-47FC0BB9196B}"
EndProject
Project("{2150E333-8FDC-42A3-9474-1A3956D46DE8}") = "Cadastros", "Cadastros", "{04C30771-BFC8-46B0-AB6F-54DC6F5F45C0}"
EndProject
Project("{2150E333-8FDC-42A3-9474-1A3956D46DE8}") = "Catalogo", "Catalogo", "{E7D8A96D-BBDD-4292-855F-ABD572A7F45A}"
EndProject
Project("{2150E333-8FDC-42A3-9474-1A3956D46DE8}") = "Core", "Core", "{375C198D-2A75-4B22-99AC-D38B2A1AAF6A}"
EndProject
Project("{2150E333-8FDC-42A3-9474-1A3956D46DE8}") = "Fiscal", "Fiscal", "{EFBE0077-7C76-4C15-B633-ED3F5B77BBBB}"
EndProject
Project("{2150E333-8FDC-42A3-9474-1A3956D46DE8}") = "Pagamentos", "Pagamentos", "{1073F683-BA8F-41BA-A817-D5EE23F355C5}"
EndProject
Project("{2150E333-8FDC-42A3-9474-1A3956D46DE8}") = "Vendas", "Vendas", "{B707A0FB-EBB9-45AF-83E2-91834B16E6EA}"
EndProject
Project("{9A19103F-16F7-4668-BE54-9A1E7A4F7556}") = "NetStore.Catalogo.Domain", "src\NetStore.Catalogo.Domain\NetStore.Catalogo.Domain.csproj", "{004582F4-295A-44E4-9E43-0ADEC355A12A}"
EndProject
Project("{9A19103F-16F7-4668-BE54-9A1E7A4F7556}") = "NedStore.Core", "src\NedStore.Core\NedStore.Core.csproj", "{7B4176FB-4B32-49B8-B92F-8425B9785EAC}"
EndProject
Project("{2150E333-8FDC-42A3-9474-1A3956D46DE8}") = "Tests", "Tests", "{F58FA692-E9E5-49F4-96BC-68FD04A7796A}"
EndProject
Project("{9A19103F-16F7-4668-BE54-9A1E7A4F7556}") = "NerdStore.Catalogo.Domain.Tests", "tests\NerdStore.Catalogo.Domain.Tests\NerdStore.Catalogo.Domain.Tests.csproj", "{6E13786F-5C3D-4F0B-A908-C987678C6B47}"
EndProject
Project("{9A19103F-16F7-4668-BE54-9A1E7A4F7556}") = "NetScore.Catalogo.Data", "src\NetScore.Catalogo.Data\NetScore.Catalogo.Data.csproj", "{F4D3E3B8-C9CB-47DE-961D-CBFEE970F5B5}"
EndProject
Project("{9A19103F-16F7-4668-BE54-9A1E7A4F7556}") = "NerdStore.Catalogo.Application", "src\NerdStore.Catalogo.Application\NerdStore.Catalogo.Application.csproj", "{3E9936C1-1EEC-44C4-B890-CEA60B374357}"
EndProject
Project("{9A19103F-16F7-4668-BE54-9A1E7A4F7556}") = "NerdStore.WebApp.MVC", "src\NerdStore.WebApp.MVC\NerdStore.WebApp.MVC.csproj", "{E2912A7E-FF78-4162-A1E7-52EF3EC05958}"
EndProject
Project("{FAE04EC0-301F-11D3-BF4B-00C04F79EFBC}") = "NerdStore.Vendas.Domain", "src\NerdStore.Vendas.Domain\NerdStore.Vendas.Domain.csproj", "{62CA0370-9563-4C43-8A2F-EA57E3AFE898}"
EndProject
Project("{FAE04EC0-301F-11D3-BF4B-00C04F79EFBC}") = "NerdStore.Vendas.Application", "src\NerdStore.Vendas.Application\NerdStore.Vendas.Application.csproj", "{2E47B94D-B7ED-4B2B-B791-25E1D7AB2202}"
EndProject
Project("{FAE04EC0-301F-11D3-BF4B-00C04F79EFBC}") = "NerdStore.Vendas.Data", "src\NerdStore.Vendas.Data\NerdStore.Vendas.Data.csproj", "{CB845156-DE21-4DD1-886B-FA0E13F6264C}"
EndProject
Global
	GlobalSection(SolutionConfigurationPlatforms) = preSolution
		Debug|Any CPU = Debug|Any CPU
		Release|Any CPU = Release|Any CPU
	EndGlobalSection
	GlobalSection(ProjectConfigurationPlatforms) = postSolution
		{004582F4-295A-44E4-9E43-0ADEC355A12A}.Debug|Any CPU.ActiveCfg = Debug|Any CPU
		{004582F4-295A-44E4-9E43-0ADEC355A12A}.Debug|Any CPU.Build.0 = Debug|Any CPU
		{004582F4-295A-44E4-9E43-0ADEC355A12A}.Release|Any CPU.ActiveCfg = Release|Any CPU
		{004582F4-295A-44E4-9E43-0ADEC355A12A}.Release|Any CPU.Build.0 = Release|Any CPU
		{7B4176FB-4B32-49B8-B92F-8425B9785EAC}.Debug|Any CPU.ActiveCfg = Debug|Any CPU
		{7B4176FB-4B32-49B8-B92F-8425B9785EAC}.Debug|Any CPU.Build.0 = Debug|Any CPU
		{7B4176FB-4B32-49B8-B92F-8425B9785EAC}.Release|Any CPU.ActiveCfg = Release|Any CPU
		{7B4176FB-4B32-49B8-B92F-8425B9785EAC}.Release|Any CPU.Build.0 = Release|Any CPU
		{6E13786F-5C3D-4F0B-A908-C987678C6B47}.Debug|Any CPU.ActiveCfg = Debug|Any CPU
		{6E13786F-5C3D-4F0B-A908-C987678C6B47}.Debug|Any CPU.Build.0 = Debug|Any CPU
		{6E13786F-5C3D-4F0B-A908-C987678C6B47}.Release|Any CPU.ActiveCfg = Release|Any CPU
		{6E13786F-5C3D-4F0B-A908-C987678C6B47}.Release|Any CPU.Build.0 = Release|Any CPU
		{F4D3E3B8-C9CB-47DE-961D-CBFEE970F5B5}.Debug|Any CPU.ActiveCfg = Debug|Any CPU
		{F4D3E3B8-C9CB-47DE-961D-CBFEE970F5B5}.Debug|Any CPU.Build.0 = Debug|Any CPU
		{F4D3E3B8-C9CB-47DE-961D-CBFEE970F5B5}.Release|Any CPU.ActiveCfg = Release|Any CPU
		{F4D3E3B8-C9CB-47DE-961D-CBFEE970F5B5}.Release|Any CPU.Build.0 = Release|Any CPU
		{3E9936C1-1EEC-44C4-B890-CEA60B374357}.Debug|Any CPU.ActiveCfg = Debug|Any CPU
		{3E9936C1-1EEC-44C4-B890-CEA60B374357}.Debug|Any CPU.Build.0 = Debug|Any CPU
		{3E9936C1-1EEC-44C4-B890-CEA60B374357}.Release|Any CPU.ActiveCfg = Release|Any CPU
		{3E9936C1-1EEC-44C4-B890-CEA60B374357}.Release|Any CPU.Build.0 = Release|Any CPU
		{E2912A7E-FF78-4162-A1E7-52EF3EC05958}.Debug|Any CPU.ActiveCfg = Debug|Any CPU
		{E2912A7E-FF78-4162-A1E7-52EF3EC05958}.Debug|Any CPU.Build.0 = Debug|Any CPU
		{E2912A7E-FF78-4162-A1E7-52EF3EC05958}.Release|Any CPU.ActiveCfg = Release|Any CPU
		{E2912A7E-FF78-4162-A1E7-52EF3EC05958}.Release|Any CPU.Build.0 = Release|Any CPU
		{62CA0370-9563-4C43-8A2F-EA57E3AFE898}.Debug|Any CPU.ActiveCfg = Debug|Any CPU
		{62CA0370-9563-4C43-8A2F-EA57E3AFE898}.Debug|Any CPU.Build.0 = Debug|Any CPU
		{62CA0370-9563-4C43-8A2F-EA57E3AFE898}.Release|Any CPU.ActiveCfg = Release|Any CPU
		{62CA0370-9563-4C43-8A2F-EA57E3AFE898}.Release|Any CPU.Build.0 = Release|Any CPU
		{2E47B94D-B7ED-4B2B-B791-25E1D7AB2202}.Debug|Any CPU.ActiveCfg = Debug|Any CPU
		{2E47B94D-B7ED-4B2B-B791-25E1D7AB2202}.Debug|Any CPU.Build.0 = Debug|Any CPU
		{2E47B94D-B7ED-4B2B-B791-25E1D7AB2202}.Release|Any CPU.ActiveCfg = Release|Any CPU
		{2E47B94D-B7ED-4B2B-B791-25E1D7AB2202}.Release|Any CPU.Build.0 = Release|Any CPU
		{CB845156-DE21-4DD1-886B-FA0E13F6264C}.Debug|Any CPU.ActiveCfg = Debug|Any CPU
		{CB845156-DE21-4DD1-886B-FA0E13F6264C}.Debug|Any CPU.Build.0 = Debug|Any CPU
		{CB845156-DE21-4DD1-886B-FA0E13F6264C}.Release|Any CPU.ActiveCfg = Release|Any CPU
		{CB845156-DE21-4DD1-886B-FA0E13F6264C}.Release|Any CPU.Build.0 = Release|Any CPU
	EndGlobalSection
	GlobalSection(SolutionProperties) = preSolution
		HideSolutionNode = FALSE
	EndGlobalSection
	GlobalSection(NestedProjects) = preSolution
		{04C30771-BFC8-46B0-AB6F-54DC6F5F45C0} = {F44AD8B7-9B7D-4F1A-89CC-7B44D5E63E62}
		{E7D8A96D-BBDD-4292-855F-ABD572A7F45A} = {F44AD8B7-9B7D-4F1A-89CC-7B44D5E63E62}
		{375C198D-2A75-4B22-99AC-D38B2A1AAF6A} = {F44AD8B7-9B7D-4F1A-89CC-7B44D5E63E62}
		{EFBE0077-7C76-4C15-B633-ED3F5B77BBBB} = {F44AD8B7-9B7D-4F1A-89CC-7B44D5E63E62}
		{1073F683-BA8F-41BA-A817-D5EE23F355C5} = {F44AD8B7-9B7D-4F1A-89CC-7B44D5E63E62}
		{B707A0FB-EBB9-45AF-83E2-91834B16E6EA} = {F44AD8B7-9B7D-4F1A-89CC-7B44D5E63E62}
		{004582F4-295A-44E4-9E43-0ADEC355A12A} = {E7D8A96D-BBDD-4292-855F-ABD572A7F45A}
		{7B4176FB-4B32-49B8-B92F-8425B9785EAC} = {375C198D-2A75-4B22-99AC-D38B2A1AAF6A}
		{F58FA692-E9E5-49F4-96BC-68FD04A7796A} = {E7D8A96D-BBDD-4292-855F-ABD572A7F45A}
		{6E13786F-5C3D-4F0B-A908-C987678C6B47} = {F58FA692-E9E5-49F4-96BC-68FD04A7796A}
		{F4D3E3B8-C9CB-47DE-961D-CBFEE970F5B5} = {E7D8A96D-BBDD-4292-855F-ABD572A7F45A}
		{3E9936C1-1EEC-44C4-B890-CEA60B374357} = {E7D8A96D-BBDD-4292-855F-ABD572A7F45A}
		{E2912A7E-FF78-4162-A1E7-52EF3EC05958} = {0620257A-2BEC-47A8-851A-47FC0BB9196B}
		{62CA0370-9563-4C43-8A2F-EA57E3AFE898} = {B707A0FB-EBB9-45AF-83E2-91834B16E6EA}
		{2E47B94D-B7ED-4B2B-B791-25E1D7AB2202} = {B707A0FB-EBB9-45AF-83E2-91834B16E6EA}
		{CB845156-DE21-4DD1-886B-FA0E13F6264C} = {B707A0FB-EBB9-45AF-83E2-91834B16E6EA}
	EndGlobalSection
	GlobalSection(ExtensibilityGlobals) = postSolution
		SolutionGuid = {A8D8DFD2-DF27-42F8-9565-8BDB06E8B5C7}
	EndGlobalSection
EndGlobal
